
Microsoft Visual Studio Solution File, Format Version 12.00
# Visual Studio Version 17
VisualStudioVersion = 17.14.37614.0 d17.14
MinimumVisualStudioVersion = 10.0.40219.1
Project("{FAE04EC0-301F-11D3-BF4B-00C04F79EFBC}") = "SalesWebMvc", "SalesWebMvc\SalesWebMvc.csproj", "{FBA39B4C-4907-4746-85FF-646897E9B31E}"
EndProject
Global
	GlobalSection(SolutionConfigurationPlatforms) = preSolution
		Debug|Any CPU = Debug|Any CPU
		Release|Any CPU = Release|Any CPU
	EndGlobalSection
	GlobalSection(ProjectConfigurationPlatforms) = postSolution
		{FBA39B4C-4907-4746-85FF-646897E9B31E}.Debug|Any CPU.ActiveCfg = Debug|Any CPU
		{FBA39B4C-4907-4746-85FF-646897E9B31E}.Debug|Any CPU.Build.0 = Debug|Any CPU
		{FBA39B4C-4907-4746-85FF-646897E9B31E}.Release|Any CPU.ActiveCfg = Release|Any CPU
		{FBA39B4C-4907-4746-85FF-646897E9B31E}.Release|Any CPU.Build.0 = Release|Any CPU
	EndGlobalSection
	GlobalSection(SolutionProperties) = preSolution
		HideSolutionNode = FALSE
	EndGlobalSection
	GlobalSection(ExtensibilityGlobals) = postSolution
		SolutionGuid = {3407675A-78CA-4E7B-8C64-C82C85CE82E3}
	EndGlobalSection
EndGlobal
